
Microsoft Visual Studio Solution File, Format Version 12.00
# Visual Studio Version 16
VisualStudioVersion = 16.0.30320.27
MinimumVisualStudioVersion = 10.0.40219.1
Project("{FAE04EC0-301F-11D3-BF4B-00C04F79EFBC}") = "AWS4Delphi", "AWS4Delphi.csproj", "{FDC95F1D-E45C-4AF8-8C7C-2A55DB392E30}"
EndProject
Global
	GlobalSection(SolutionConfigurationPlatforms) = preSolution
		Debug|Any CPU = Debug|Any CPU
		Debug|x86 = Debug|x86
		Release|Any CPU = Release|Any CPU
		Release|x86 = Release|x86
	EndGlobalSection
	GlobalSection(ProjectConfigurationPlatforms) = postSolution
		{FDC95F1D-E45C-4AF8-8C7C-2A55DB392E30}.Debug|Any CPU.ActiveCfg = Debug|Any CPU
		{FDC95F1D-E45C-4AF8-8C7C-2A55DB392E30}.Debug|Any CPU.Build.0 = Debug|Any CPU
		{FDC95F1D-E45C-4AF8-8C7C-2A55DB392E30}.Debug|x86.ActiveCfg = Debug|x86
		{FDC95F1D-E45C-4AF8-8C7C-2A55DB392E30}.Debug|x86.Build.0 = Debug|x86
		{FDC95F1D-E45C-4AF8-8C7C-2A55DB392E30}.Release|Any CPU.ActiveCfg = Release|Any CPU
		{FDC95F1D-E45C-4AF8-8C7C-2A55DB392E30}.Release|Any CPU.Build.0 = Release|Any CPU
		{FDC95F1D-E45C-4AF8-8C7C-2A55DB392E30}.Release|x86.ActiveCfg = Release|x86
		{FDC95F1D-E45C-4AF8-8C7C-2A55DB392E30}.Release|x86.Build.0 = Release|x86
	EndGlobalSection
	GlobalSection(SolutionProperties) = preSolution
		HideSolutionNode = FALSE
	EndGlobalSection
	GlobalSection(ExtensibilityGlobals) = postSolution
		SolutionGuid = {909AF917-614E-4224-A08B-85DB3E9AE476}
	EndGlobalSection
EndGlobal
